{
    "_meta": {
        "hash": {
            "sha256": "2d6208d4aec93469eca6bd0811213783cf8d5a8c9816bf7e695b5ae5ef904389"
        },
        "pipfile-spec": 6,
        "requires": {
            "python_full_version": "3.11.3",
            "python_version": "3.11"
        },
        "sources": [
            {
                "name": "pypi",
                "url": "https://pypi.org/simple",
                "verify_ssl": true
            }
        ]
    },
    "default": {
        "anyio": {
            "hashes": [
                "sha256:275d9973793619a5374e1c89a4f4ad3f4b0a5510a2b5b939444bee8f4c4d37ce",
                "sha256:eddca883c4175f14df8aedce21054bfca3adb70ffe76a9f607aef9d7fa2ea7f0"
            ],
            "markers": "python_version >= '3.7'",
            "version": "==3.7.0"
        },
        "click": {
            "hashes": [
                "sha256:7682dc8afb30297001674575ea00d1814d808d6a36af415a82bd481d37ba7b8e",
                "sha256:bb4d8133cb15a609f44e8213d9b391b0809795062913b383c62be0ee95b1db48"
            ],
            "markers": "python_version >= '3.7'",
            "version": "==8.1.3"
        },
        "faker": {
            "hashes": [
                "sha256:633b278caa3ec239463f9139c74da2607c8da5710e56d5d7d30fc8a7440104c4",
                "sha256:d9f363720c4a6cf9884c6c3e26e2ce26266ffe5d741a9bc7cb9256779bc62190"
            ],
            "index": "pypi",
            "version": "==18.10.1"
        },
        "fastapi": {
            "hashes": [
                "sha256:71232d47c2787446991c81c41c249f8a16238d52d779c0e6b43927d3773dbe3c",
                "sha256:b8e11fe81e81eab4e1504209917338e0b80f783878a42c2b99467e5e1019a1e9"
            ],
            "index": "pypi",
            "version": "==0.96.0"
        },
        "h11": {
            "hashes": [
                "sha256:8f19fbbe99e72420ff35c00b27a34cb9937e902a8b810e2c88300c6f0a3b699d",
                "sha256:e3fe4ac4b851c468cc8363d500db52c2ead036020723024a109d37346efaa761"
            ],
            "markers": "python_version >= '3.7'",
            "version": "==0.14.0"
        },
        "idna": {
            "hashes": [
                "sha256:814f528e8dead7d329833b91c5faa87d60bf71824cd12a7530b5526063d02cb4",
                "sha256:90b77e79eaa3eba6de819a0c442c0b4ceefc341a7a2ab77d7562bf49f425c5c2"
            ],
            "markers": "python_version >= '3.5'",
            "version": "==3.4"
        },
        "psycopg2-binary": {
            "hashes": [
                "sha256:02c0f3757a4300cf379eb49f543fb7ac527fb00144d39246ee40e1df684ab514",
                "sha256:02c6e3cf3439e213e4ee930308dc122d6fb4d4bea9aef4a12535fbd605d1a2fe",
                "sha256:0645376d399bfd64da57148694d78e1f431b1e1ee1054872a5713125681cf1be",
                "sha256:0892ef645c2fabb0c75ec32d79f4252542d0caec1d5d949630e7d242ca4681a3",
                "sha256:0d236c2825fa656a2d98bbb0e52370a2e852e5a0ec45fc4f402977313329174d",
                "sha256:0e0f754d27fddcfd74006455b6e04e6705d6c31a612ec69ddc040a5468e44b4e",
                "sha256:15e2ee79e7cf29582ef770de7dab3d286431b01c3bb598f8e05e09601b890081",
                "sha256:1876843d8e31c89c399e31b97d4b9725a3575bb9c2af92038464231ec40f9edb",
                "sha256:1f64dcfb8f6e0c014c7f55e51c9759f024f70ea572fbdef123f85318c297947c",
                "sha256:2ab652e729ff4ad76d400df2624d223d6e265ef81bb8aa17fbd63607878ecbee",
                "sha256:30637a20623e2a2eacc420059be11527f4458ef54352d870b8181a4c3020ae6b",
                "sha256:34b9ccdf210cbbb1303c7c4db2905fa0319391bd5904d32689e6dd5c963d2ea8",
                "sha256:38601cbbfe600362c43714482f43b7c110b20cb0f8172422c616b09b85a750c5",
                "sha256:441cc2f8869a4f0f4bb408475e5ae0ee1f3b55b33f350406150277f7f35384fc",
                "sha256:498807b927ca2510baea1b05cc91d7da4718a0f53cb766c154c417a39f1820a0",
                "sha256:4ac30da8b4f57187dbf449294d23b808f8f53cad6b1fc3623fa8a6c11d176dd0",
                "sha256:4c727b597c6444a16e9119386b59388f8a424223302d0c06c676ec8b4bc1f963",
                "sha256:4d67fbdaf177da06374473ef6f7ed8cc0a9dc640b01abfe9e8a2ccb1b1402c1f",
                "sha256:4dfb4be774c4436a4526d0c554af0cc2e02082c38303852a36f6456ece7b3503",
                "sha256:4ea29fc3ad9d91162c52b578f211ff1c931d8a38e1f58e684c45aa470adf19e2",
                "sha256:51537e3d299be0db9137b321dfb6a5022caaab275775680e0c3d281feefaca6b",
                "sha256:61b047a0537bbc3afae10f134dc6393823882eb263088c271331602b672e52e9",
                "sha256:6460c7a99fc939b849431f1e73e013d54aa54293f30f1109019c56a0b2b2ec2f",
                "sha256:65bee1e49fa6f9cf327ce0e01c4c10f39165ee76d35c846ade7cb0ec6683e303",
                "sha256:65c07febd1936d63bfde78948b76cd4c2a411572a44ac50719ead41947d0f26b",
                "sha256:71f14375d6f73b62800530b581aed3ada394039877818b2d5f7fc77e3bb6894d",
                "sha256:7a40c00dbe17c0af5bdd55aafd6ff6679f94a9be9513a4c7e071baf3d7d22a70",
                "sha256:7e13a5a2c01151f1208d5207e42f33ba86d561b7a89fca67c700b9486a06d0e2",
                "sha256:7f0438fa20fb6c7e202863e0d5ab02c246d35efb1d164e052f2f3bfe2b152bd0",
                "sha256:8122cfc7cae0da9a3077216528b8bb3629c43b25053284cc868744bfe71eb141",
                "sha256:8338a271cb71d8da40b023a35d9c1e919eba6cbd8fa20a54b748a332c355d896",
                "sha256:84d2222e61f313c4848ff05353653bf5f5cf6ce34df540e4274516880d9c3763",
                "sha256:8a6979cf527e2603d349a91060f428bcb135aea2be3201dff794813256c274f1",
                "sha256:8a76e027f87753f9bd1ab5f7c9cb8c7628d1077ef927f5e2446477153a602f2c",
                "sha256:964b4dfb7c1c1965ac4c1978b0f755cc4bd698e8aa2b7667c575fb5f04ebe06b",
                "sha256:9972aad21f965599ed0106f65334230ce826e5ae69fda7cbd688d24fa922415e",
                "sha256:a8c28fd40a4226b4a84bdf2d2b5b37d2c7bd49486b5adcc200e8c7ec991dfa7e",
                "sha256:ae102a98c547ee2288637af07393dd33f440c25e5cd79556b04e3fca13325e5f",
                "sha256:af335bac6b666cc6aea16f11d486c3b794029d9df029967f9938a4bed59b6a19",
                "sha256:afe64e9b8ea66866a771996f6ff14447e8082ea26e675a295ad3bdbffdd72afb",
                "sha256:b4b24f75d16a89cc6b4cdff0eb6a910a966ecd476d1e73f7ce5985ff1328e9a6",
                "sha256:b6c8288bb8a84b47e07013bb4850f50538aa913d487579e1921724631d02ea1b",
                "sha256:b83456c2d4979e08ff56180a76429263ea254c3f6552cd14ada95cff1dec9bb8",
                "sha256:bfb13af3c5dd3a9588000910178de17010ebcccd37b4f9794b00595e3a8ddad3",
                "sha256:c3dba7dab16709a33a847e5cd756767271697041fbe3fe97c215b1fc1f5c9848",
                "sha256:c48d8f2db17f27d41fb0e2ecd703ea41984ee19362cbce52c097963b3a1b4365",
                "sha256:c7e62ab8b332147a7593a385d4f368874d5fe4ad4e341770d4983442d89603e3",
                "sha256:c83a74b68270028dc8ee74d38ecfaf9c90eed23c8959fca95bd703d25b82c88e",
                "sha256:cacbdc5839bdff804dfebc058fe25684cae322987f7a38b0168bc1b2df703fb1",
                "sha256:cf4499e0a83b7b7edcb8dabecbd8501d0d3a5ef66457200f77bde3d210d5debb",
                "sha256:cfec476887aa231b8548ece2e06d28edc87c1397ebd83922299af2e051cf2827",
                "sha256:d26e0342183c762de3276cca7a530d574d4e25121ca7d6e4a98e4f05cb8e4df7",
                "sha256:d4e6036decf4b72d6425d5b29bbd3e8f0ff1059cda7ac7b96d6ac5ed34ffbacd",
                "sha256:d57c3fd55d9058645d26ae37d76e61156a27722097229d32a9e73ed54819982a",
                "sha256:dfa74c903a3c1f0d9b1c7e7b53ed2d929a4910e272add6700c38f365a6002820",
                "sha256:e3ed340d2b858d6e6fb5083f87c09996506af483227735de6964a6100b4e6a54",
                "sha256:e78e6e2a00c223e164c417628572a90093c031ed724492c763721c2e0bc2a8df",
                "sha256:e9182eb20f41417ea1dd8e8f7888c4d7c6e805f8a7c98c1081778a3da2bee3e4",
                "sha256:e99e34c82309dd78959ba3c1590975b5d3c862d6f279f843d47d26ff89d7d7e1",
                "sha256:f6a88f384335bb27812293fdb11ac6aee2ca3f51d3c7820fe03de0a304ab6249",
                "sha256:f81e65376e52f03422e1fb475c9514185669943798ed019ac50410fb4c4df232",
                "sha256:ffe9dc0a884a8848075e576c1de0290d85a533a9f6e9c4e564f19adf8f6e54a7"
            ],
            "index": "pypi",
            "version": "==2.9.6"
        },
        "pydantic": {
            "hashes": [
                "sha256:07293ab08e7b4d3c9d7de4949a0ea571f11e4557d19ea24dd3ae0c524c0c334d",
                "sha256:0a2aabdc73c2a5960e87c3ffebca6ccde88665616d1fd6d3db3178ef427b267a",
                "sha256:0da48717dc9495d3a8f215e0d012599db6b8092db02acac5e0d58a65248ec5bc",
                "sha256:128d9453d92e6e81e881dd7e2484e08d8b164da5507f62d06ceecf84bf2e21d3",
                "sha256:2196c06484da2b3fded1ab6dbe182bdabeb09f6318b7fdc412609ee2b564c49a",
                "sha256:2e9aec8627a1a6823fc62fb96480abe3eb10168fd0d859ee3d3b395105ae19a7",
                "sha256:3283b574b01e8dbc982080d8287c968489d25329a463b29a90d4157de4f2baaf",
                "sha256:3c52eb595db83e189419bf337b59154bdcca642ee4b2a09e5d7797e41ace783f",
                "sha256:4b466a23009ff5cdd7076eb56aca537c745ca491293cc38e72bf1e0e00de5b91",
                "sha256:517a681919bf880ce1dac7e5bc0c3af1e58ba118fd774da2ffcd93c5f96eaece",
                "sha256:5f8bbaf4013b9a50e8100333cc4e3fa2f81214033e05ac5aa44fa24a98670a29",
                "sha256:6257bb45ad78abacda13f15bde5886efd6bf549dd71085e64b8dcf9919c38b60",
                "sha256:67195274fd27780f15c4c372f4ba9a5c02dad6d50647b917b6a92bf00b3d301a",
                "sha256:6cafde02f6699ce4ff643417d1a9223716ec25e228ddc3b436fe7e2d25a1f305",
                "sha256:73ef93e5e1d3c8e83f1ff2e7fdd026d9e063c7e089394869a6e2985696693766",
                "sha256:7845b31959468bc5b78d7b95ec52fe5be32b55d0d09983a877cca6aedc51068f",
                "sha256:7847ca62e581e6088d9000f3c497267868ca2fa89432714e21a4fb33a04d52e8",
                "sha256:7e1d5290044f620f80cf1c969c542a5468f3656de47b41aa78100c5baa2b8276",
                "sha256:7ee829b86ce984261d99ff2fd6e88f2230068d96c2a582f29583ed602ef3fc2c",
                "sha256:83fcff3c7df7adff880622a98022626f4f6dbce6639a88a15a3ce0f96466cb60",
                "sha256:939328fd539b8d0edf244327398a667b6b140afd3bf7e347cf9813c736211896",
                "sha256:95c70da2cd3b6ddf3b9645ecaa8d98f3d80c606624b6d245558d202cd23ea3be",
                "sha256:963671eda0b6ba6926d8fc759e3e10335e1dc1b71ff2a43ed2efd6996634dafb",
                "sha256:970b1bdc6243ef663ba5c7e36ac9ab1f2bfecb8ad297c9824b542d41a750b298",
                "sha256:9863b9420d99dfa9c064042304868e8ba08e89081428a1c471858aa2af6f57c4",
                "sha256:ad428e92ab68798d9326bb3e5515bc927444a3d71a93b4a2ca02a8a5d795c572",
                "sha256:b48d3d634bca23b172f47f2335c617d3fcb4b3ba18481c96b7943a4c634f5c8d",
                "sha256:b9cd67fb763248cbe38f0593cd8611bfe4b8ad82acb3bdf2b0898c23415a1f82",
                "sha256:d111a21bbbfd85c17248130deac02bbd9b5e20b303338e0dbe0faa78330e37e0",
                "sha256:e1aa5c2410769ca28aa9a7841b80d9d9a1c5f223928ca8bec7e7c9a34d26b1d4",
                "sha256:e692dec4a40bfb40ca530e07805b1208c1de071a18d26af4a2a0d79015b352ca",
                "sha256:e7c9900b43ac14110efa977be3da28931ffc74c27e96ee89fbcaaf0b0fe338e1",
                "sha256:eec39224b2b2e861259d6f3c8b6290d4e0fbdce147adb797484a42278a1a486f",
                "sha256:f0b7628fb8efe60fe66fd4adadd7ad2304014770cdc1f4934db41fe46cc8825f",
                "sha256:f50e1764ce9353be67267e7fd0da08349397c7db17a562ad036aa7c8f4adfdb6",
                "sha256:fab81a92f42d6d525dd47ced310b0c3e10c416bbfae5d59523e63ea22f82b31e"
            ],
            "markers": "python_version >= '3.7'",
            "version": "==1.10.9"
        },
        "python-dateutil": {
            "hashes": [
                "sha256:0123cacc1627ae19ddf3c27a5de5bd67ee4586fbdd6440d9748f8abb483d3e86",
                "sha256:961d03dc3453ebbc59dbdea9e4e11c5651520a876d0f4db161e8674aae935da9"
            ],
            "markers": "python_version >= '2.7' and python_version not in '3.0, 3.1, 3.2'",
            "version": "==2.8.2"
        },
        "python-dotenv": {
            "hashes": [
                "sha256:a8df96034aae6d2d50a4ebe8216326c61c3eb64836776504fcca410e5937a3ba",
                "sha256:f5971a9226b701070a4bf2c38c89e5a3f0d64de8debda981d1db98583009122a"
            ],
            "index": "pypi",
            "version": "==1.0.0"
        },
        "six": {
            "hashes": [
                "sha256:1e61c37477a1626458e36f7b1d82aa5c9b094fa4802892072e49de9c60c4c926",
                "sha256:8abb2f1d86890a2dfb989f9a77cfcfd3e47c2a354b01111771326f8aa26e0254"
            ],
            "markers": "python_version >= '2.7' and python_version not in '3.0, 3.1, 3.2'",
            "version": "==1.16.0"
        },
        "sniffio": {
            "hashes": [
                "sha256:e60305c5e5d314f5389259b7f22aaa33d8f7dee49763119234af3755c55b9101",
                "sha256:eecefdce1e5bbfb7ad2eeaabf7c1eeb404d7757c379bd1f7e5cce9d8bf425384"
            ],
            "markers": "python_version >= '3.7'",
            "version": "==1.3.0"
        },
        "sqlalchemy": {
            "hashes": [
                "sha256:1a0754c2d9f0c7982bec0a31138e495ed1f6b8435d7e677c45be60ec18370acf",
                "sha256:1d6320a1d175447dce63618ec997a53836de48ed3b44bbe952f0b4b399b19941",
                "sha256:1e885dacb167077df15af2f9ccdacbd7f5dd0d538a6d74b94074f2cefc7bb589",
                "sha256:201a99f922ac8c780b3929128fbd9df901418877c70e160e19adb05665e51c31",
                "sha256:21c89044fc48a25c2184eba332edeffbbf9367913bb065cd31538235d828f06f",
                "sha256:256b2b9660e51ad7055a9835b12717416cf7288afcf465107413917b6bb2316f",
                "sha256:2e940a8659ef870ae10e0d9e2a6d5aaddf0ff6e91f7d0d7732afc9e8c4be9bbc",
                "sha256:3fb5d09f1d51480f711b69fe28ad42e4f8b08600a85ab2473baee669e1257800",
                "sha256:435f6807fa6a0597d84741470f19db204a7d34625ea121abd63e8d95f673f0c4",
                "sha256:4670ce853cb25f72115a1bbe366ae13cf3f28fc5c87222df14f8d3d55d51816e",
                "sha256:4a75fdb9a84072521bb2ebd31eefe1165d4dccea3039dda701a864f4b5daa17f",
                "sha256:4d61731a35eddb0f667774fe15e5a4831e444d066081d1e809e1b8a0e3f97cae",
                "sha256:51b19887c96d405599880da6a7cbdf8545a7e78ec5683e46a43bac8885e32d0f",
                "sha256:536c86ec81ca89291d533ff41a3a05f9e4e88e01906dcee0751fc7082f3e8d6c",
                "sha256:55ec62ddc0200b4fee94d11abbec7aa25948d5d21cb8df8807f4bdd3c51ba44b",
                "sha256:5cc48a7fda2b5c5b8860494d6c575db3a101a68416492105fed6591dc8a2728a",
                "sha256:670ecf74ee2e70b917028a06446ad26ff9b1195e84b09c3139c215123d57dc30",
                "sha256:6a3f8020e013e9b3b7941dcf20b0fc8f7429daaf7158760846731cbd8caa5e45",
                "sha256:6b42913a0259267e9ee335da0c36498077799e59c5e332d506e72b4f32de781d",
                "sha256:6f5784dfb2d45c19cde03c45c04a54bf47428610106197ed6e6fa79f33bc63d3",
                "sha256:6f80a9c9a9af0e4bd5080cc0955ce70274c28e9b931ad7e0fb07021afcd32af6",
                "sha256:78303719c6f72af97814b0072ad18bee72e70adca8d95cf8fecd59c5e1ddb040",
                "sha256:788d1772fb8dcd12091ca82809eef504ce0f2c423e45284bc351b872966ff554",
                "sha256:79bfe728219239bdc493950ea4a4d15b02138ecb304771f9024d0d6f5f4e3706",
                "sha256:810199d1c5b43603a9e815ae9487aef3ab1ade7ed9c0c485e12519358929fbfe",
                "sha256:88ab245ed2c96265441ed2818977be28c840cfa5204ba167425d6c26eb67b7e7",
                "sha256:933d30273861fe61f014ce2a7e3c364915f5efe9ed250ec1066ca6ea5942c0bd",
                "sha256:994a75b197662e0608b6a76935d7c345f7fd874eac0b7093d561033db61b0e8c",
                "sha256:9b31ebde27575b3b0708673ec14f0c305c4564d995b545148ab7ac0f4d9b847a",
                "sha256:9d810b4aacd5ef4e293aa4ea01f19fca53999e9edcfc4a8ef1146238b30bdc28",
                "sha256:ae1d8deb391ab39cc8f0d5844e588a115ae3717e607d91482023917f920f777f",
                "sha256:bc5c2b0da46c26c5f73f700834f871d0723e1e882641932468d56833bab09775",
                "sha256:cea7c4a3dfc2ca61f88a2b1ddd6b0bfbd116c9b1a361b3b66fd826034b833142",
                "sha256:d14282bf5b4de87f922db3c70858953fd081ef4f05dba6cca3dd705daffe1cc9",
                "sha256:d6b17cb86908e7f88be14007d6afe7d2ab11966e373044137f96a6a4d83eb21c",
                "sha256:da7381a883aee20b7d2ffda17d909b38134b6a625920e65239a1c681881df800",
                "sha256:db269f67ed17b07e80aaa8fba1f650c0d84aa0bdd9d5352e4ac38d5bf47ac568",
                "sha256:df25052b92bd514357a9b370d74f240db890ea79aaa428fb893520e10ee5bc18",
                "sha256:e17fdcb8971e77c439113642ca8861f9465e21fc693bd3916654ceef3ac26883",
                "sha256:f6fd3c88ea4b170d13527e93be1945e69facd917661d3725a63470eb683fbffe",
                "sha256:f7f994a53c0e6b44a2966fd6bfc53e37d34b7dca34e75b6be295de6db598255e"
            ],
            "index": "pypi",
            "version": "==2.0.15"
        },
        "starlette": {
            "hashes": [
                "sha256:6a6b0d042acb8d469a01eba54e9cda6cbd24ac602c4cd016723117d6a7e73b75",
                "sha256:918416370e846586541235ccd38a474c08b80443ed31c578a418e2209b3eef91"
            ],
            "markers": "python_version >= '3.7'",
            "version": "==0.27.0"
        },
        "typing-extensions": {
            "hashes": [
                "sha256:88a4153d8505aabbb4e13aacb7c486c2b4a33ca3b3f807914a9b4c844c471c26",
                "sha256:d91d5919357fe7f681a9f2b5b4cb2a5f1ef0a1e9f59c4d8ff0d3491e05c0ffd5"
            ],
            "markers": "python_version >= '3.7'",
            "version": "==4.6.3"
        },
        "uvicorn": {
            "hashes": [
                "sha256:79277ae03db57ce7d9aa0567830bbb51d7a612f54d6e1e3e92da3ef24c2c8ed8",
                "sha256:e9434d3bbf05f310e762147f769c9f21235ee118ba2d2bf1155a7196448bd996"
            ],
            "index": "pypi",
            "version": "==0.22.0"
        }
    },
    "develop": {}
}
